// !$*UTF8*$!
{
	archiveVersion = 1;
	classes = {
	};
	objectVersion = 50;
	objects = {

/* Begin PBXBuildFile section */
		AE35CB8826AB60B300355F23 /* AppDelegate.swift in Sources */ = {isa = PBXBuildFile; fileRef = AE35CB8726AB60B300355F23 /* AppDelegate.swift */; };
		AE35CB8A26AB60B300355F23 /* SceneDelegate.swift in Sources */ = {isa = PBXBuildFile; fileRef = AE35CB8926AB60B300355F23 /* SceneDelegate.swift */; };
		AE35CB8C26AB60B300355F23 /* ContentView.swift in Sources */ = {isa = PBXBuildFile; fileRef = AE35CB8B26AB60B300355F23 /* ContentView.swift */; };
		AE35CB8F26AB60B300355F23 /* LengthCon.xcdatamodeld in Sources */ = {isa = PBXBuildFile; fileRef = AE35CB8D26AB60B300355F23 /* LengthCon.xcdatamodeld */; };
		AE35CB9126AB60B800355F23 /* Assets.xcassets in Resources */ = {isa = PBXBuildFile; fileRef = AE35CB9026AB60B800355F23 /* Assets.xcassets */; };
		AE35CB9426AB60B800355F23 /* Preview Assets.xcassets in Resources */ = {isa = PBXBuildFile; fileRef = AE35CB9326AB60B800355F23 /* Preview Assets.xcassets */; };
		AE35CB9726AB60B800355F23 /* LaunchScreen.storyboard in Resources */ = {isa = PBXBuildFile; fileRef = AE35CB9526AB60B800355F23 /* LaunchScreen.storyboard */; };
/* End PBXBuildFile section */

/* Begin PBXFileReference section */
		AE35CB8426AB60B300355F23 /* LengthCon.app */ = {isa = PBXFileReference; explicitFileType = wrapper.application; includeInIndex = 0; path = LengthCon.app; sourceTree = BUILT_PRODUCTS_DIR; };
		AE35CB8726AB60B300355F23 /* AppDelegate.swift */ = {isa = PBXFileReference; lastKnownFileType = sourcecode.swift; path = AppDelegate.swift; sourceTree = "<group>"; };
		AE35CB8926AB60B300355F23 /* SceneDelegate.swift */ = {isa = PBXFileReference; lastKnownFileType = sourcecode.swift; path = SceneDelegate.swift; sourceTree = "<group>"; };
		AE35CB8B26AB60B300355F23 /* ContentView.swift */ = {isa = PBXFileReference; lastKnownFileType = sourcecode.swift; path = ContentView.swift; sourceTree = "<group>"; };
		AE35CB8E26AB60B300355F23 /* LengthCon.xcdatamodel */ = {isa = PBXFileReference; lastKnownFileType = wrapper.xcdatamodel; path = LengthCon.xcdatamodel; sourceTree = "<group>"; };
		AE35CB9026AB60B800355F23 /* Assets.xcassets */ = {isa = PBXFileReference; lastKnownFileType = folder.assetcatalog; path = Assets.xcassets; sourceTree = "<group>"; };
		AE35CB9326AB60B800355F23 /* Preview Assets.xcassets */ = {isa = PBXFileReference; lastKnownFileType = folder.assetcatalog; path = "Preview Assets.xcassets"; sourceTree = "<group>"; };
		AE35CB9626AB60B800355F23 /* Base */ = {isa = PBXFileReference; lastKnownFileType = file.storyboard; name = Base; path = Base.lproj/LaunchScreen.storyboard; sourceTree = "<group>"; };
		AE35CB9826AB60B800355F23 /* Info.plist */ = {isa = PBXFileReference; lastKnownFileType = text.plist.xml; path = Info.plist; sourceTree = "<group>"; };
/* End PBXFileReference section */

/* Begin PBXFrameworksBuildPhase section */
		AE35CB8126AB60B300355F23 /* Frameworks */ = {
			isa = PBXFrameworksBuildPhase;
			buildActionMask = 2147483647;
			files = (
			);
			runOnlyForDeploymentPostprocessing = 0;
		};
/* End PBXFrameworksBuildPhase section */

/* Begin PBXGroup section */
		AE35CB7B26AB60B300355F23 = {
			isa = PBXGroup;
			children = (
				AE35CB8626AB60B300355F23 /* LengthCon */,
				AE35CB8526AB60B300355F23 /* Products */,
			);
			sourceTree = "<group>";
		};
		AE35CB8526AB60B300355F23 /* Products */ = {
			isa = PBXGroup;
			children = (
				AE35CB8426AB60B300355F23 /* LengthCon.app */,
			);
			name = Products;
			sourceTree = "<group>";
		};
		AE35CB8626AB60B300355F23 /* LengthCon */ = {
			isa = PBXGroup;
			children = (
				AE35CB8726AB60B300355F23 /* AppDelegate.swift */,
				AE35CB8926AB60B300355F23 /* SceneDelegate.swift */,
				AE35CB8B26AB60B300355F23 /* ContentView.swift */,
				AE35CB9026AB60B800355F23 /* Assets.xcassets */,
				AE35CB9526AB60B800355F23 /* LaunchScreen.storyboard */,
				AE35CB9826AB60B800355F23 /* Info.plist */,
				AE35CB8D26AB60B300355F23 /* LengthCon.xcdatamodeld */,
				AE35CB9226AB60B800355F23 /* Preview Content */,
			);
			path = LengthCon;
			sourceTree = "<group>";
		};
		AE35CB9226AB60B800355F23 /* Preview Content */ = {
			isa = PBXGroup;
			children = (
				AE35CB9326AB60B800355F23 /* Preview Assets.xcassets */,
			);
			path = "Preview Content";
			sourceTree = "<group>";
		};
/* End PBXGroup section */

/* Begin PBXNativeTarget section */
		AE35CB8326AB60B300355F23 /* LengthCon */ = {
			isa = PBXNativeTarget;
			buildConfigurationList = AE35CB9B26AB60B800355F23 /* Build configuration list for PBXNativeTarget "LengthCon" */;
			buildPhases = (
				AE35CB8026AB60B300355F23 /* Sources */,
				AE35CB8126AB60B300355F23 /* Frameworks */,
				AE35CB8226AB60B300355F23 /* Resources */,
			);
			buildRules = (
			);
			dependencies = (
			);
			name = LengthCon;
			productName = LengthCon;
			productReference = AE35CB8426AB60B300355F23 /* LengthCon.app */;
			productType = "com.apple.product-type.application";
		};
/* End PBXNativeTarget section */

/* Begin PBXProject section */
		AE35CB7C26AB60B300355F23 /* Project object */ = {
			isa = PBXProject;
			attributes = {
				LastSwiftUpdateCheck = 1250;
				LastUpgradeCheck = 1250;
				TargetAttributes = {
					AE35CB8326AB60B300355F23 = {
						CreatedOnToolsVersion = 12.5;
					};
				};
			};
			buildConfigurationList = AE35CB7F26AB60B300355F23 /* Build configuration list for PBXProject "LengthCon" */;
			compatibilityVersion = "Xcode 9.3";
			developmentRegion = en;
			hasScannedForEncodings = 0;
			knownRegions = (
				en,
				Base,
			);
			mainGroup = AE35CB7B26AB60B300355F23;
			productRefGroup = AE35CB8526AB60B300355F23 /* Products */;
			projectDirPath = "";
			projectRoot = "";
			targets = (
				AE35CB8326AB60B300355F23 /* LengthCon */,
			);
		};
/* End PBXProject section */

/* Begin PBXResourcesBuildPhase section */
		AE35CB8226AB60B300355F23 /* Resources */ = {
			isa = PBXResourcesBuildPhase;
			buildActionMask = 2147483647;
			files = (
				AE35CB9726AB60B800355F23 /* LaunchScreen.storyboard in Resources */,
				AE35CB9426AB60B800355F23 /* Preview Assets.xcassets in Resources */,
				AE35CB9126AB60B800355F23 /* Assets.xcassets in Resources */,
			);
			runOnlyForDeploymentPostprocessing = 0;
		};
/* End PBXResourcesBuildPhase section */

/* Begin PBXSourcesBuildPhase section */
		AE35CB8026AB60B300355F23 /* Sources */ = {
			isa = PBXSourcesBuildPhase;
			buildActionMask = 2147483647;
			files = (
				AE35CB8F26AB60B300355F23 /* LengthCon.xcdatamodeld in Sources */,
				AE35CB8826AB60B300355F23 /* AppDelegate.swift in Sources */,
				AE35CB8A26AB60B300355F23 /* SceneDelegate.swift in Sources */,
				AE35CB8C26AB60B300355F23 /* ContentView.swift in Sources */,
			);
			runOnlyForDeploymentPostprocessing = 0;
		};
/* End PBXSourcesBuildPhase section */

/* Begin PBXVariantGroup section */
		AE35CB9526AB60B800355F23 /* LaunchScreen.storyboard */ = {
			isa = PBXVariantGroup;
			children = (
				AE35CB9626AB60B800355F23 /* Base */,
			);
			name = LaunchScreen.storyboard;
			sourceTree = "<group>";
		};
/* End PBXVariantGroup section */

/* Begin XCBuildConfiguration section */
		AE35CB9926AB60B800355F23 /* Debug */ = {
			isa = XCBuildConfiguration;
			buildSettings = {
				ALWAYS_SEARCH_USER_PATHS = NO;
				CLANG_ANALYZER_NONNULL = YES;
				CLANG_ANALYZER_NUMBER_OBJECT_CONVERSION = YES_AGGRESSIVE;
				CLANG_CXX_LANGUAGE_STANDARD = "gnu++14";
				CLANG_CXX_LIBRARY = "libc++";
				CLANG_ENABLE_MODULES = YES;
				CLANG_ENABLE_OBJC_ARC = YES;
				CLANG_ENABLE_OBJC_WEAK = YES;
				CLANG_WARN_BLOCK_CAPTURE_AUTORELEASING = YES;
				CLANG_WARN_BOOL_CONVERSION = YES;
				CLANG_WARN_COMMA = YES;
				CLANG_WARN_CONSTANT_CONVERSION = YES;
				CLANG_WARN_DEPRECATED_OBJC_IMPLEMENTATIONS = YES;
				CLANG_WARN_DIRECT_OBJC_ISA_USAGE = YES_ERROR;
				CLANG_WARN_DOCUMENTATION_COMMENTS = YES;
				CLANG_WARN_EMPTY_BODY = YES;
				CLANG_WARN_ENUM_CONVERSION = YES;
				CLANG_WARN_INFINITE_RECURSION = YES;
				CLANG_WARN_INT_CONVERSION = YES;
				CLANG_WARN_NON_LITERAL_NULL_CONVERSION = YES;
				CLANG_WARN_OBJC_IMPLICIT_RETAIN_SELF = YES;
				CLANG_WARN_OBJC_LITERAL_CONVERSION = YES;
				CLANG_WARN_OBJC_ROOT_CLASS = YES_ERROR;
				CLANG_WARN_QUOTED_INCLUDE_IN_FRAMEWORK_HEADER = YES;
				CLANG_WARN_RANGE_LOOP_ANALYSIS = YES;
				CLANG_WARN_STRICT_PROTOTYPES = YES;
				CLANG_WARN_SUSPICIOUS_MOVE = YES;
				CLANG_WARN_UNGUARDED_AVAILABILITY = YES_AGGRESSIVE;
				CLANG_WARN_UNREACHABLE_CODE = YES;
				CLANG_WARN__DUPLICATE_METHOD_MATCH = YES;
				COPY_PHASE_STRIP = NO;
				DEBUG_INFORMATION_FORMAT = dwarf;
				ENABLE_STRICT_OBJC_MSGSEND = YES;
				ENABLE_TESTABILITY = YES;
				GCC_C_LANGUAGE_STANDARD = gnu11;
				GCC_DYNAMIC_NO_PIC = NO;
				GCC_NO_COMMON_BLOCKS = YES;
				GCC_OPTIMIZATION_LEVEL = 0;
				GCC_PREPROCESSOR_DEFINITIONS = (
					"DEBUG=1",
					"$(inherited)",
				);
				GCC_WARN_64_TO_32_BIT_CONVERSION = YES;
				GCC_WARN_ABOUT_RETURN_TYPE = YES_ERROR;
				GCC_WARN_UNDECLARED_SELECTOR = YES;
				GCC_WARN_UNINITIALIZED_AUTOS = YES_AGGRESSIVE;
				GCC_WARN_UNUSED_FUNCTION = YES;
				GCC_WARN_UNUSED_VARIABLE = YES;
				IPHONEOS_DEPLOYMENT_TARGET = 14.5;
				MTL_ENABLE_DEBUG_INFO = INCLUDE_SOURCE;
				MTL_FAST_MATH = YES;
				ONLY_ACTIVE_ARCH = YES;
				SDKROOT = iphoneos;
				SWIFT_ACTIVE_COMPILATION_CONDITIONS = DEBUG;
				SWIFT_OPTIMIZATION_LEVEL = "-Onone";
			};
			name = Debug;
		};
		AE35CB9A26AB60B800355F23 /* Release */ = {
			isa = XCBuildConfiguration;
			buildSettings = {
				ALWAYS_SEARCH_USER_PATHS = NO;
				CLANG_ANALYZER_NONNULL = YES;
				CLANG_ANALYZER_NUMBER_OBJECT_CONVERSION = YES_AGGRESSIVE;
				CLANG_CXX_LANGUAGE_STANDARD = "gnu++14";
				CLANG_CXX_LIBRARY = "libc++";
				CLANG_ENABLE_MODULES = YES;
				CLANG_ENABLE_OBJC_ARC = YES;
				CLANG_ENABLE_OBJC_WEAK = YES;
				CLANG_WARN_BLOCK_CAPTURE_AUTORELEASING = YES;
				CLANG_WARN_BOOL_CONVERSION = YES;
				CLANG_WARN_COMMA = YES;
				CLANG_WARN_CONSTANT_CONVERSION = YES;
				CLANG_WARN_DEPRECATED_OBJC_IMPLEMENTATIONS = YES;
				CLANG_WARN_DIRECT_OBJC_ISA_USAGE = YES_ERROR;
				CLANG_WARN_DOCUMENTATION_COMMENTS = YES;
				CLANG_WARN_EMPTY_BODY = YES;
				CLANG_WARN_ENUM_CONVERSION = YES;
				CLANG_WARN_INFINITE_RECURSION = YES;
				CLANG_WARN_INT_CONVERSION = YES;
				CLANG_WARN_NON_LITERAL_NULL_CONVERSION = YES;
				CLANG_WARN_OBJC_IMPLICIT_RETAIN_SELF = YES;
				CLANG_WARN_OBJC_LITERAL_CONVERSION = YES;
				CLANG_WARN_OBJC_ROOT_CLASS = YES_ERROR;
				CLANG_WARN_QUOTED_INCLUDE_IN_FRAMEWORK_HEADER = YES;
				CLANG_WARN_RANGE_LOOP_ANALYSIS = YES;
				CLANG_WARN_STRICT_PROTOTYPES = YES;
				CLANG_WARN_SUSPICIOUS_MOVE = YES;
				CLANG_WARN_UNGUARDED_AVAILABILITY = YES_AGGRESSIVE;
				CLANG_WARN_UNREACHABLE_CODE = YES;
				CLANG_WARN__DUPLICATE_METHOD_MATCH = YES;
				COPY_PHASE_STRIP = NO;
				DEBUG_INFORMATION_FORMAT = "dwarf-with-dsym";
				ENABLE_NS_ASSERTIONS = NO;
				ENABLE_STRICT_OBJC_MSGSEND = YES;
				GCC_C_LANGUAGE_STANDARD = gnu11;
				GCC_NO_COMMON_BLOCKS = YES;
				GCC_WARN_64_TO_32_BIT_CONVERSION = YES;
				GCC_WARN_ABOUT_RETURN_TYPE = YES_ERROR;
				GCC_WARN_UNDECLARED_SELECTOR = YES;
				GCC_WARN_UNINITIALIZED_AUTOS = YES_AGGRESSIVE;
				GCC_WARN_UNUSED_FUNCTION = YES;
				GCC_WARN_UNUSED_VARIABLE = YES;
				IPHONEOS_DEPLOYMENT_TARGET = 14.5;
				MTL_ENABLE_DEBUG_INFO = NO;
				MTL_FAST_MATH = YES;
				SDKROOT = iphoneos;
				SWIFT_COMPILATION_MODE = wholemodule;
				SWIFT_OPTIMIZATION_LEVEL = "-O";
				VALIDATE_PRODUCT = YES;
			};
			name = Release;
		};
		AE35CB9C26AB60B800355F23 /* Debug */ = {
			isa = XCBuildConfiguration;
			buildSettings = {
				ASSETCATALOG_COMPILER_APPICON_NAME = AppIcon;
				ASSETCATALOG_COMPILER_GLOBAL_ACCENT_COLOR_NAME = AccentColor;
				CODE_SIGN_IDENTITY = "Apple Development";
				CODE_SIGN_STYLE = Automatic;
				CURRENT_PROJECT_VERSION = 1.1.7;
				DEVELOPMENT_ASSET_PATHS = "\"LengthCon/Preview Content\"";
				DEVELOPMENT_TEAM = D3NTPK3SSL;
				ENABLE_PREVIEWS = YES;
				INFOPLIST_FILE = LengthCon/Info.plist;
				LD_RUNPATH_SEARCH_PATHS = (
					"$(inherited)",
					"@executable_path/Frameworks",
				);
				MARKETING_VERSION = 1.1.7;
				PRODUCT_BUNDLE_IDENTIFIER = com.harpuneetsingh.LengthCon;
				PRODUCT_NAME = "$(TARGET_NAME)";
				PROVISIONING_PROFILE_SPECIFIER = "";
				SWIFT_VERSION = 5.0;
				TARGETED_DEVICE_FAMILY = 1;
			};
			name = Debug;
		};
		AE35CB9D26AB60B800355F23 /* Release */ = {
			isa = XCBuildConfiguration;
			buildSettings = {
				ASSETCATALOG_COMPILER_APPICON_NAME = AppIcon;
				ASSETCATALOG_COMPILER_GLOBAL_ACCENT_COLOR_NAME = AccentColor;
				CODE_SIGN_IDENTITY = "Apple Development";
				CODE_SIGN_STYLE = Automatic;
				CURRENT_PROJECT_VERSION = 1.1.7;
				DEVELOPMENT_ASSET_PATHS = "\"LengthCon/Preview Content\"";
				DEVELOPMENT_TEAM = D3NTPK3SSL;
				ENABLE_PREVIEWS = YES;
				INFOPLIST_FILE = LengthCon/Info.plist;
				LD_RUNPATH_SEARCH_PATHS = (
					"$(inherited)",
					"@executable_path/Frameworks",
				);
				MARKETING_VERSION = 1.1.7;
				PRODUCT_BUNDLE_IDENTIFIER = com.harpuneetsingh.LengthCon;
				PRODUCT_NAME = "$(TARGET_NAME)";
				PROVISIONING_PROFILE_SPECIFIER = "";
				SWIFT_VERSION = 5.0;
				TARGETED_DEVICE_FAMILY = 1;
			};
			name = Release;
		};
/* End XCBuildConfiguration section */

/* Begin XCConfigurationList section */
		AE35CB7F26AB60B300355F23 /* Build configuration list for PBXProject "LengthCon" */ = {
			isa = XCConfigurationList;
			buildConfigurations = (
				AE35CB9926AB60B800355F23 /* Debug */,
				AE35CB9A26AB60B800355F23 /* Release */,
			);
			defaultConfigurationIsVisible = 0;
			defaultConfigurationName = Release;
		};
		AE35CB9B26AB60B800355F23 /* Build configuration list for PBXNativeTarget "LengthCon" */ = {
			isa = XCConfigurationList;
			buildConfigurations = (
				AE35CB9C26AB60B800355F23 /* Debug */,
				AE35CB9D26AB60B800355F23 /* Release */,
			);
			defaultConfigurationIsVisible = 0;
			defaultConfigurationName = Release;
		};
/* End XCConfigurationList section */

/* Begin XCVersionGroup section */
		AE35CB8D26AB60B300355F23 /* LengthCon.xcdatamodeld */ = {
			isa = XCVersionGroup;
			children = (
				AE35CB8E26AB60B300355F23 /* LengthCon.xcdatamodel */,
			);
			currentVersion = AE35CB8E26AB60B300355F23 /* LengthCon.xcdatamodel */;
			path = LengthCon.xcdatamodeld;
			sourceTree = "<group>";
			versionGroupType = wrapper.xcdatamodel;
		};
/* End XCVersionGroup section */
	};
	rootObject = AE35CB7C26AB60B300355F23 /* Project object */;
}
